---
packages:
    hwpe-stream:
        revision: ddc154424187dff42a8fcec946c768ceb13f13de
        version: 1.6.4
        source:
            Git: "https://github.com/pulp-platform/hwpe-stream.git"
        dependencies: []
    hwpe-ctrl:
        revision: d1b1220a8b295d08916b1a28693bd734090af973
        version: 1.7.1
        source:
            Git: "https://github.com/pulp-platform/hwpe-ctrl.git"
        dependencies: []
    hwpe-ctrl-fpga:
        revision: 480cf01999849c2ecf885c9bbfdc4fb924571ab0
        version: 1.7.1
        source:
            Git: "https://git.hipert.unimore.it/comp4drones/HERO/hwpe-ctrl-fpga.git"
        dependencies: []
